
Microsoft Visual Studio Solution File, Format Version 12.00
# Visual Studio Version 16
VisualStudioVersion = 16.0.32510.428
MinimumVisualStudioVersion = 10.0.40219.1
Project("{9A19103F-16F7-4668-BE54-9A1E7A4F7556}") = "ProyectoDesarrolloSoftware", "ProyectoDesarrolloSoftware\ProyectoDesarrolloSoftware.csproj", "{5E850F66-FB96-43C9-8288-8866286534C4}"
EndProject
Project("{9A19103F-16F7-4668-BE54-9A1E7A4F7556}") = "ProyectoDesarrollo.Test", "ProyectoDesarrollo.Test\ProyectoDesarrollo.Test.csproj", "{AF5B7B58-D46D-4D7E-BA91-9B62B0C79C33}"
EndProject
Project("{FAE04EC0-301F-11D3-BF4B-00C04F79EFBC}") = "ProyectoDesarrolloSoftware.DataAccess", "DataAccess\ProyectoDesarrolloSoftware.DataAccess.csproj", "{24EEAAEA-261F-4366-908A-6DAE64A75599}"
EndProject
Project("{FAE04EC0-301F-11D3-BF4B-00C04F79EFBC}") = "ProyectoDesarrolloSoftware.BussinesLogic.DTO", "BussinesLogic\ProyectoDesarrolloSoftware.BussinesLogic.DTO.csproj", "{395EDB6E-315A-485B-B616-CA2D134029C0}"
EndProject
Project("{FAE04EC0-301F-11D3-BF4B-00C04F79EFBC}") = "ProyectoDesarrolloSoftware.BussinessLogic.Command", "BussinessLogic.Command\ProyectoDesarrolloSoftware.BussinessLogic.Command.csproj", "{975A71EA-0DFA-40CF-B9D3-180A69E638BB}"
EndProject
Project("{FAE04EC0-301F-11D3-BF4B-00C04F79EFBC}") = "ProyectoDesarrolloSoftware.Mappers", "Mappers\ProyectoDesarrolloSoftware.Mappers.csproj", "{21531F2F-331E-496C-95E0-D6DDC1C7AC42}"
EndProject
Global
	GlobalSection(SolutionConfigurationPlatforms) = preSolution
		Debug|Any CPU = Debug|Any CPU
		Release|Any CPU = Release|Any CPU
	EndGlobalSection
	GlobalSection(ProjectConfigurationPlatforms) = postSolution
		{5E850F66-FB96-43C9-8288-8866286534C4}.Debug|Any CPU.ActiveCfg = Debug|Any CPU
		{5E850F66-FB96-43C9-8288-8866286534C4}.Debug|Any CPU.Build.0 = Debug|Any CPU
		{5E850F66-FB96-43C9-8288-8866286534C4}.Release|Any CPU.ActiveCfg = Release|Any CPU
		{5E850F66-FB96-43C9-8288-8866286534C4}.Release|Any CPU.Build.0 = Release|Any CPU
		{AF5B7B58-D46D-4D7E-BA91-9B62B0C79C33}.Debug|Any CPU.ActiveCfg = Debug|Any CPU
		{AF5B7B58-D46D-4D7E-BA91-9B62B0C79C33}.Debug|Any CPU.Build.0 = Debug|Any CPU
		{AF5B7B58-D46D-4D7E-BA91-9B62B0C79C33}.Release|Any CPU.ActiveCfg = Release|Any CPU
		{AF5B7B58-D46D-4D7E-BA91-9B62B0C79C33}.Release|Any CPU.Build.0 = Release|Any CPU
		{24EEAAEA-261F-4366-908A-6DAE64A75599}.Debug|Any CPU.ActiveCfg = Debug|Any CPU
		{24EEAAEA-261F-4366-908A-6DAE64A75599}.Debug|Any CPU.Build.0 = Debug|Any CPU
		{24EEAAEA-261F-4366-908A-6DAE64A75599}.Release|Any CPU.ActiveCfg = Release|Any CPU
		{24EEAAEA-261F-4366-908A-6DAE64A75599}.Release|Any CPU.Build.0 = Release|Any CPU
		{395EDB6E-315A-485B-B616-CA2D134029C0}.Debug|Any CPU.ActiveCfg = Debug|Any CPU
		{395EDB6E-315A-485B-B616-CA2D134029C0}.Debug|Any CPU.Build.0 = Debug|Any CPU
		{395EDB6E-315A-485B-B616-CA2D134029C0}.Release|Any CPU.ActiveCfg = Release|Any CPU
		{395EDB6E-315A-485B-B616-CA2D134029C0}.Release|Any CPU.Build.0 = Release|Any CPU
		{975A71EA-0DFA-40CF-B9D3-180A69E638BB}.Debug|Any CPU.ActiveCfg = Debug|Any CPU
		{975A71EA-0DFA-40CF-B9D3-180A69E638BB}.Debug|Any CPU.Build.0 = Debug|Any CPU
		{975A71EA-0DFA-40CF-B9D3-180A69E638BB}.Release|Any CPU.ActiveCfg = Release|Any CPU
		{975A71EA-0DFA-40CF-B9D3-180A69E638BB}.Release|Any CPU.Build.0 = Release|Any CPU
		{21531F2F-331E-496C-95E0-D6DDC1C7AC42}.Debug|Any CPU.ActiveCfg = Debug|Any CPU
		{21531F2F-331E-496C-95E0-D6DDC1C7AC42}.Debug|Any CPU.Build.0 = Debug|Any CPU
		{21531F2F-331E-496C-95E0-D6DDC1C7AC42}.Release|Any CPU.ActiveCfg = Release|Any CPU
		{21531F2F-331E-496C-95E0-D6DDC1C7AC42}.Release|Any CPU.Build.0 = Release|Any CPU
	EndGlobalSection
	GlobalSection(SolutionProperties) = preSolution
		HideSolutionNode = FALSE
	EndGlobalSection
	GlobalSection(ExtensibilityGlobals) = postSolution
		SolutionGuid = {CF681A65-9C7A-404A-9F1F-D6799E14DD06}
	EndGlobalSection
EndGlobal
